// !$*UTF8*$!
{
	archiveVersion = 1;
	classes = {
	};
	objectVersion = 56;
	objects = {

/* Begin PBXBuildFile section */
		75C6E032294F206800484982 /* FirebaseStorage in Frameworks */ = {isa = PBXBuildFile; productRef = 75C6E031294F206800484982 /* FirebaseStorage */; };
		75C6E034294F214800484982 /* User.swift in Sources */ = {isa = PBXBuildFile; fileRef = 75C6E033294F214800484982 /* User.swift */; };
		75C6E036294F21B700484982 /* FirebaseFirestoreSwift in Frameworks */ = {isa = PBXBuildFile; productRef = 75C6E035294F21B700484982 /* FirebaseFirestoreSwift */; };
		75E5249829505DBF0086C87B /* GoogleService-Info.plist in Resources */ = {isa = PBXBuildFile; fileRef = 75E5249729505DBE0086C87B /* GoogleService-Info.plist */; };
		75FCA401294ECA88002416C4 /* SocialMediaApp.swift in Sources */ = {isa = PBXBuildFile; fileRef = 75FCA400294ECA88002416C4 /* SocialMediaApp.swift */; };
		75FCA403294ECA88002416C4 /* ContentView.swift in Sources */ = {isa = PBXBuildFile; fileRef = 75FCA402294ECA88002416C4 /* ContentView.swift */; };
		75FCA405294ECA8A002416C4 /* Assets.xcassets in Resources */ = {isa = PBXBuildFile; fileRef = 75FCA404294ECA8A002416C4 /* Assets.xcassets */; };
		75FCA408294ECA8A002416C4 /* Preview Assets.xcassets in Resources */ = {isa = PBXBuildFile; fileRef = 75FCA407294ECA8A002416C4 /* Preview Assets.xcassets */; };
		75FCA412294ECBBF002416C4 /* FirebaseAuth in Frameworks */ = {isa = PBXBuildFile; productRef = 75FCA411294ECBBF002416C4 /* FirebaseAuth */; };
		75FCA416294ECBED002416C4 /* LoginPage.swift in Sources */ = {isa = PBXBuildFile; fileRef = 75FCA415294ECBED002416C4 /* LoginPage.swift */; };
		75FCA419294ECC7E002416C4 /* UserViewModel.swift in Sources */ = {isa = PBXBuildFile; fileRef = 75FCA418294ECC7D002416C4 /* UserViewModel.swift */; };
		75FCA41F294ECF67002416C4 /* ColorExtension.swift in Sources */ = {isa = PBXBuildFile; fileRef = 75FCA41E294ECF67002416C4 /* ColorExtension.swift */; };
		75FCA422294ECF84002416C4 /* ViewExtension.swift in Sources */ = {isa = PBXBuildFile; fileRef = 75FCA421294ECF84002416C4 /* ViewExtension.swift */; };
		75FCA424294ED2B2002416C4 /* RegisterPage.swift in Sources */ = {isa = PBXBuildFile; fileRef = 75FCA423294ED2B2002416C4 /* RegisterPage.swift */; };
/* End PBXBuildFile section */

/* Begin PBXFileReference section */
		75C6E033294F214800484982 /* User.swift */ = {isa = PBXFileReference; lastKnownFileType = sourcecode.swift; path = User.swift; sourceTree = "<group>"; };
		75E5249729505DBE0086C87B /* GoogleService-Info.plist */ = {isa = PBXFileReference; lastKnownFileType = text.plist; path = "GoogleService-Info.plist"; sourceTree = "<group>"; };
		75FCA3FD294ECA88002416C4 /* SocialMedia.app */ = {isa = PBXFileReference; explicitFileType = wrapper.application; includeInIndex = 0; path = SocialMedia.app; sourceTree = BUILT_PRODUCTS_DIR; };
		75FCA400294ECA88002416C4 /* SocialMediaApp.swift */ = {isa = PBXFileReference; lastKnownFileType = sourcecode.swift; path = SocialMediaApp.swift; sourceTree = "<group>"; };
		75FCA402294ECA88002416C4 /* ContentView.swift */ = {isa = PBXFileReference; lastKnownFileType = sourcecode.swift; path = ContentView.swift; sourceTree = "<group>"; };
		75FCA404294ECA8A002416C4 /* Assets.xcassets */ = {isa = PBXFileReference; lastKnownFileType = folder.assetcatalog; path = Assets.xcassets; sourceTree = "<group>"; };
		75FCA407294ECA8A002416C4 /* Preview Assets.xcassets */ = {isa = PBXFileReference; lastKnownFileType = folder.assetcatalog; path = "Preview Assets.xcassets"; sourceTree = "<group>"; };
		75FCA415294ECBED002416C4 /* LoginPage.swift */ = {isa = PBXFileReference; lastKnownFileType = sourcecode.swift; path = LoginPage.swift; sourceTree = "<group>"; };
		75FCA418294ECC7D002416C4 /* UserViewModel.swift */ = {isa = PBXFileReference; lastKnownFileType = sourcecode.swift; path = UserViewModel.swift; sourceTree = "<group>"; };
		75FCA41E294ECF67002416C4 /* ColorExtension.swift */ = {isa = PBXFileReference; lastKnownFileType = sourcecode.swift; path = ColorExtension.swift; sourceTree = "<group>"; };
		75FCA421294ECF84002416C4 /* ViewExtension.swift */ = {isa = PBXFileReference; lastKnownFileType = sourcecode.swift; path = ViewExtension.swift; sourceTree = "<group>"; };
		75FCA423294ED2B2002416C4 /* RegisterPage.swift */ = {isa = PBXFileReference; lastKnownFileType = sourcecode.swift; path = RegisterPage.swift; sourceTree = "<group>"; };
/* End PBXFileReference section */

/* Begin PBXFrameworksBuildPhase section */
		75FCA3FA294ECA88002416C4 /* Frameworks */ = {
			isa = PBXFrameworksBuildPhase;
			buildActionMask = 2147483647;
			files = (
				75FCA412294ECBBF002416C4 /* FirebaseAuth in Frameworks */,
				75C6E032294F206800484982 /* FirebaseStorage in Frameworks */,
				75C6E036294F21B700484982 /* FirebaseFirestoreSwift in Frameworks */,
			);
			runOnlyForDeploymentPostprocessing = 0;
		};
/* End PBXFrameworksBuildPhase section */

/* Begin PBXGroup section */
		75C6E030294F206800484982 /* Frameworks */ = {
			isa = PBXGroup;
			children = (
			);
			name = Frameworks;
			sourceTree = "<group>";
		};
		75FCA3F4294ECA88002416C4 = {
			isa = PBXGroup;
			children = (
				75FCA3FF294ECA88002416C4 /* SocialMedia */,
				75FCA3FE294ECA88002416C4 /* Products */,
				75C6E030294F206800484982 /* Frameworks */,
			);
			sourceTree = "<group>";
		};
		75FCA3FE294ECA88002416C4 /* Products */ = {
			isa = PBXGroup;
			children = (
				75FCA3FD294ECA88002416C4 /* SocialMedia.app */,
			);
			name = Products;
			sourceTree = "<group>";
		};
		75FCA3FF294ECA88002416C4 /* SocialMedia */ = {
			isa = PBXGroup;
			children = (
				75FCA41A294ECD33002416C4 /* Common */,
				75FCA417294ECC3F002416C4 /* ViewModel */,
				75FCA414294ECBE0002416C4 /* Page */,
				75FCA413294ECBD9002416C4 /* Model */,
				75FCA400294ECA88002416C4 /* SocialMediaApp.swift */,
				75FCA402294ECA88002416C4 /* ContentView.swift */,
				75FCA404294ECA8A002416C4 /* Assets.xcassets */,
				75E5249729505DBE0086C87B /* GoogleService-Info.plist */,
				75FCA406294ECA8A002416C4 /* Preview Content */,
			);
			path = SocialMedia;
			sourceTree = "<group>";
		};
		75FCA406294ECA8A002416C4 /* Preview Content */ = {
			isa = PBXGroup;
			children = (
				75FCA407294ECA8A002416C4 /* Preview Assets.xcassets */,
			);
			path = "Preview Content";
			sourceTree = "<group>";
		};
		75FCA413294ECBD9002416C4 /* Model */ = {
			isa = PBXGroup;
			children = (
				75C6E033294F214800484982 /* User.swift */,
			);
			path = Model;
			sourceTree = "<group>";
		};
		75FCA414294ECBE0002416C4 /* Page */ = {
			isa = PBXGroup;
			children = (
				75FCA415294ECBED002416C4 /* LoginPage.swift */,
				75FCA423294ED2B2002416C4 /* RegisterPage.swift */,
			);
			path = Page;
			sourceTree = "<group>";
		};
		75FCA417294ECC3F002416C4 /* ViewModel */ = {
			isa = PBXGroup;
			children = (
				75FCA418294ECC7D002416C4 /* UserViewModel.swift */,
			);
			path = ViewModel;
			sourceTree = "<group>";
		};
		75FCA41A294ECD33002416C4 /* Common */ = {
			isa = PBXGroup;
			children = (
				75FCA420294ECF76002416C4 /* Extension */,
			);
			path = Common;
			sourceTree = "<group>";
		};
		75FCA420294ECF76002416C4 /* Extension */ = {
			isa = PBXGroup;
			children = (
				75FCA41E294ECF67002416C4 /* ColorExtension.swift */,
				75FCA421294ECF84002416C4 /* ViewExtension.swift */,
			);
			path = Extension;
			sourceTree = "<group>";
		};
/* End PBXGroup section */

/* Begin PBXNativeTarget section */
		75FCA3FC294ECA88002416C4 /* SocialMedia */ = {
			isa = PBXNativeTarget;
			buildConfigurationList = 75FCA40B294ECA8A002416C4 /* Build configuration list for PBXNativeTarget "SocialMedia" */;
			buildPhases = (
				75FCA3F9294ECA88002416C4 /* Sources */,
				75FCA3FA294ECA88002416C4 /* Frameworks */,
				75FCA3FB294ECA88002416C4 /* Resources */,
			);
			buildRules = (
			);
			dependencies = (
			);
			name = SocialMedia;
			packageProductDependencies = (
				75FCA411294ECBBF002416C4 /* FirebaseAuth */,
				75C6E031294F206800484982 /* FirebaseStorage */,
				75C6E035294F21B700484982 /* FirebaseFirestoreSwift */,
			);
			productName = SocialMedia;
			productReference = 75FCA3FD294ECA88002416C4 /* SocialMedia.app */;
			productType = "com.apple.product-type.application";
		};
/* End PBXNativeTarget section */

/* Begin PBXProject section */
		75FCA3F5294ECA88002416C4 /* Project object */ = {
			isa = PBXProject;
			attributes = {
				BuildIndependentTargetsInParallel = 1;
				LastSwiftUpdateCheck = 1420;
				LastUpgradeCheck = 1420;
				TargetAttributes = {
					75FCA3FC294ECA88002416C4 = {
						CreatedOnToolsVersion = 14.2;
					};
				};
			};
			buildConfigurationList = 75FCA3F8294ECA88002416C4 /* Build configuration list for PBXProject "SocialMedia" */;
			compatibilityVersion = "Xcode 14.0";
			developmentRegion = en;
			hasScannedForEncodings = 0;
			knownRegions = (
				en,
				Base,
			);
			mainGroup = 75FCA3F4294ECA88002416C4;
			packageReferences = (
				75FCA410294ECBBF002416C4 /* XCRemoteSwiftPackageReference "firebase-ios-sdk" */,
			);
			productRefGroup = 75FCA3FE294ECA88002416C4 /* Products */;
			projectDirPath = "";
			projectRoot = "";
			targets = (
				75FCA3FC294ECA88002416C4 /* SocialMedia */,
			);
		};
/* End PBXProject section */

/* Begin PBXResourcesBuildPhase section */
		75FCA3FB294ECA88002416C4 /* Resources */ = {
			isa = PBXResourcesBuildPhase;
			buildActionMask = 2147483647;
			files = (
				75FCA408294ECA8A002416C4 /* Preview Assets.xcassets in Resources */,
				75FCA405294ECA8A002416C4 /* Assets.xcassets in Resources */,
				75E5249829505DBF0086C87B /* GoogleService-Info.plist in Resources */,
			);
			runOnlyForDeploymentPostprocessing = 0;
		};
/* End PBXResourcesBuildPhase section */

/* Begin PBXSourcesBuildPhase section */
		75FCA3F9294ECA88002416C4 /* Sources */ = {
			isa = PBXSourcesBuildPhase;
			buildActionMask = 2147483647;
			files = (
				75FCA41F294ECF67002416C4 /* ColorExtension.swift in Sources */,
				75FCA424294ED2B2002416C4 /* RegisterPage.swift in Sources */,
				75FCA403294ECA88002416C4 /* ContentView.swift in Sources */,
				75FCA422294ECF84002416C4 /* ViewExtension.swift in Sources */,
				75C6E034294F214800484982 /* User.swift in Sources */,
				75FCA419294ECC7E002416C4 /* UserViewModel.swift in Sources */,
				75FCA416294ECBED002416C4 /* LoginPage.swift in Sources */,
				75FCA401294ECA88002416C4 /* SocialMediaApp.swift in Sources */,
			);
			runOnlyForDeploymentPostprocessing = 0;
		};
/* End PBXSourcesBuildPhase section */

/* Begin XCBuildConfiguration section */
		75FCA409294ECA8A002416C4 /* Debug */ = {
			isa = XCBuildConfiguration;
			buildSettings = {
				ALWAYS_SEARCH_USER_PATHS = NO;
				CLANG_ANALYZER_NONNULL = YES;
				CLANG_ANALYZER_NUMBER_OBJECT_CONVERSION = YES_AGGRESSIVE;
				CLANG_CXX_LANGUAGE_STANDARD = "gnu++20";
				CLANG_ENABLE_MODULES = YES;
				CLANG_ENABLE_OBJC_ARC = YES;
				CLANG_ENABLE_OBJC_WEAK = YES;
				CLANG_WARN_BLOCK_CAPTURE_AUTORELEASING = YES;
				CLANG_WARN_BOOL_CONVERSION = YES;
				CLANG_WARN_COMMA = YES;
				CLANG_WARN_CONSTANT_CONVERSION = YES;
				CLANG_WARN_DEPRECATED_OBJC_IMPLEMENTATIONS = YES;
				CLANG_WARN_DIRECT_OBJC_ISA_USAGE = YES_ERROR;
				CLANG_WARN_DOCUMENTATION_COMMENTS = YES;
				CLANG_WARN_EMPTY_BODY = YES;
				CLANG_WARN_ENUM_CONVERSION = YES;
				CLANG_WARN_INFINITE_RECURSION = YES;
				CLANG_WARN_INT_CONVERSION = YES;
				CLANG_WARN_NON_LITERAL_NULL_CONVERSION = YES;
				CLANG_WARN_OBJC_IMPLICIT_RETAIN_SELF = YES;
				CLANG_WARN_OBJC_LITERAL_CONVERSION = YES;
				CLANG_WARN_OBJC_ROOT_CLASS = YES_ERROR;
				CLANG_WARN_QUOTED_INCLUDE_IN_FRAMEWORK_HEADER = YES;
				CLANG_WARN_RANGE_LOOP_ANALYSIS = YES;
				CLANG_WARN_STRICT_PROTOTYPES = YES;
				CLANG_WARN_SUSPICIOUS_MOVE = YES;
				CLANG_WARN_UNGUARDED_AVAILABILITY = YES_AGGRESSIVE;
				CLANG_WARN_UNREACHABLE_CODE = YES;
				CLANG_WARN__DUPLICATE_METHOD_MATCH = YES;
				COPY_PHASE_STRIP = NO;
				DEBUG_INFORMATION_FORMAT = dwarf;
				ENABLE_STRICT_OBJC_MSGSEND = YES;
				ENABLE_TESTABILITY = YES;
				GCC_C_LANGUAGE_STANDARD = gnu11;
				GCC_DYNAMIC_NO_PIC = NO;
				GCC_NO_COMMON_BLOCKS = YES;
				GCC_OPTIMIZATION_LEVEL = 0;
				GCC_PREPROCESSOR_DEFINITIONS = (
					"DEBUG=1",
					"$(inherited)",
				);
				GCC_WARN_64_TO_32_BIT_CONVERSION = YES;
				GCC_WARN_ABOUT_RETURN_TYPE = YES_ERROR;
				GCC_WARN_UNDECLARED_SELECTOR = YES;
				GCC_WARN_UNINITIALIZED_AUTOS = YES_AGGRESSIVE;
				GCC_WARN_UNUSED_FUNCTION = YES;
				GCC_WARN_UNUSED_VARIABLE = YES;
				IPHONEOS_DEPLOYMENT_TARGET = 16.2;
				MTL_ENABLE_DEBUG_INFO = INCLUDE_SOURCE;
				MTL_FAST_MATH = YES;
				ONLY_ACTIVE_ARCH = YES;
				SDKROOT = iphoneos;
				SWIFT_ACTIVE_COMPILATION_CONDITIONS = DEBUG;
				SWIFT_OPTIMIZATION_LEVEL = "-Onone";
			};
			name = Debug;
		};
		75FCA40A294ECA8A002416C4 /* Release */ = {
			isa = XCBuildConfiguration;
			buildSettings = {
				ALWAYS_SEARCH_USER_PATHS = NO;
				CLANG_ANALYZER_NONNULL = YES;
				CLANG_ANALYZER_NUMBER_OBJECT_CONVERSION = YES_AGGRESSIVE;
				CLANG_CXX_LANGUAGE_STANDARD = "gnu++20";
				CLANG_ENABLE_MODULES = YES;
				CLANG_ENABLE_OBJC_ARC = YES;
				CLANG_ENABLE_OBJC_WEAK = YES;
				CLANG_WARN_BLOCK_CAPTURE_AUTORELEASING = YES;
				CLANG_WARN_BOOL_CONVERSION = YES;
				CLANG_WARN_COMMA = YES;
				CLANG_WARN_CONSTANT_CONVERSION = YES;
				CLANG_WARN_DEPRECATED_OBJC_IMPLEMENTATIONS = YES;
				CLANG_WARN_DIRECT_OBJC_ISA_USAGE = YES_ERROR;
				CLANG_WARN_DOCUMENTATION_COMMENTS = YES;
				CLANG_WARN_EMPTY_BODY = YES;
				CLANG_WARN_ENUM_CONVERSION = YES;
				CLANG_WARN_INFINITE_RECURSION = YES;
				CLANG_WARN_INT_CONVERSION = YES;
				CLANG_WARN_NON_LITERAL_NULL_CONVERSION = YES;
				CLANG_WARN_OBJC_IMPLICIT_RETAIN_SELF = YES;
				CLANG_WARN_OBJC_LITERAL_CONVERSION = YES;
				CLANG_WARN_OBJC_ROOT_CLASS = YES_ERROR;
				CLANG_WARN_QUOTED_INCLUDE_IN_FRAMEWORK_HEADER = YES;
				CLANG_WARN_RANGE_LOOP_ANALYSIS = YES;
				CLANG_WARN_STRICT_PROTOTYPES = YES;
				CLANG_WARN_SUSPICIOUS_MOVE = YES;
				CLANG_WARN_UNGUARDED_AVAILABILITY = YES_AGGRESSIVE;
				CLANG_WARN_UNREACHABLE_CODE = YES;
				CLANG_WARN__DUPLICATE_METHOD_MATCH = YES;
				COPY_PHASE_STRIP = NO;
				DEBUG_INFORMATION_FORMAT = "dwarf-with-dsym";
				ENABLE_NS_ASSERTIONS = NO;
				ENABLE_STRICT_OBJC_MSGSEND = YES;
				GCC_C_LANGUAGE_STANDARD = gnu11;
				GCC_NO_COMMON_BLOCKS = YES;
				GCC_WARN_64_TO_32_BIT_CONVERSION = YES;
				GCC_WARN_ABOUT_RETURN_TYPE = YES_ERROR;
				GCC_WARN_UNDECLARED_SELECTOR = YES;
				GCC_WARN_UNINITIALIZED_AUTOS = YES_AGGRESSIVE;
				GCC_WARN_UNUSED_FUNCTION = YES;
				GCC_WARN_UNUSED_VARIABLE = YES;
				IPHONEOS_DEPLOYMENT_TARGET = 16.2;
				MTL_ENABLE_DEBUG_INFO = NO;
				MTL_FAST_MATH = YES;
				SDKROOT = iphoneos;
				SWIFT_COMPILATION_MODE = wholemodule;
				SWIFT_OPTIMIZATION_LEVEL = "-O";
				VALIDATE_PRODUCT = YES;
			};
			name = Release;
		};
		75FCA40C294ECA8A002416C4 /* Debug */ = {
			isa = XCBuildConfiguration;
			buildSettings = {
				ASSETCATALOG_COMPILER_APPICON_NAME = AppIcon;
				ASSETCATALOG_COMPILER_GLOBAL_ACCENT_COLOR_NAME = AccentColor;
				CODE_SIGN_STYLE = Automatic;
				CURRENT_PROJECT_VERSION = 1;
				DEVELOPMENT_ASSET_PATHS = "\"SocialMedia/Preview Content\"";
				DEVELOPMENT_TEAM = K7496W34U6;
				ENABLE_PREVIEWS = YES;
				GENERATE_INFOPLIST_FILE = YES;
				INFOPLIST_KEY_UIApplicationSceneManifest_Generation = YES;
				INFOPLIST_KEY_UIApplicationSupportsIndirectInputEvents = YES;
				INFOPLIST_KEY_UILaunchScreen_Generation = YES;
				INFOPLIST_KEY_UISupportedInterfaceOrientations_iPad = "UIInterfaceOrientationPortrait UIInterfaceOrientationPortraitUpsideDown UIInterfaceOrientationLandscapeLeft UIInterfaceOrientationLandscapeRight";
				INFOPLIST_KEY_UISupportedInterfaceOrientations_iPhone = "UIInterfaceOrientationPortrait UIInterfaceOrientationLandscapeLeft UIInterfaceOrientationLandscapeRight";
				LD_RUNPATH_SEARCH_PATHS = (
					"$(inherited)",
					"@executable_path/Frameworks",
				);
				MARKETING_VERSION = 1.0;
				PRODUCT_BUNDLE_IDENTIFIER = com.hushukang.SocialMedia;
				PRODUCT_NAME = "$(TARGET_NAME)";
				SWIFT_EMIT_LOC_STRINGS = YES;
				SWIFT_VERSION = 5.0;
				TARGETED_DEVICE_FAMILY = "1,2";
			};
			name = Debug;
		};
		75FCA40D294ECA8A002416C4 /* Release */ = {
			isa = XCBuildConfiguration;
			buildSettings = {
				ASSETCATALOG_COMPILER_APPICON_NAME = AppIcon;
				ASSETCATALOG_COMPILER_GLOBAL_ACCENT_COLOR_NAME = AccentColor;
				CODE_SIGN_STYLE = Automatic;
				CURRENT_PROJECT_VERSION = 1;
				DEVELOPMENT_ASSET_PATHS = "\"SocialMedia/Preview Content\"";
				DEVELOPMENT_TEAM = K7496W34U6;
				ENABLE_PREVIEWS = YES;
				GENERATE_INFOPLIST_FILE = YES;
				INFOPLIST_KEY_UIApplicationSceneManifest_Generation = YES;
				INFOPLIST_KEY_UIApplicationSupportsIndirectInputEvents = YES;
				INFOPLIST_KEY_UILaunchScreen_Generation = YES;
				INFOPLIST_KEY_UISupportedInterfaceOrientations_iPad = "UIInterfaceOrientationPortrait UIInterfaceOrientationPortraitUpsideDown UIInterfaceOrientationLandscapeLeft UIInterfaceOrientationLandscapeRight";
				INFOPLIST_KEY_UISupportedInterfaceOrientations_iPhone = "UIInterfaceOrientationPortrait UIInterfaceOrientationLandscapeLeft UIInterfaceOrientationLandscapeRight";
				LD_RUNPATH_SEARCH_PATHS = (
					"$(inherited)",
					"@executable_path/Frameworks",
				);
				MARKETING_VERSION = 1.0;
				PRODUCT_BUNDLE_IDENTIFIER = com.hushukang.SocialMedia;
				PRODUCT_NAME = "$(TARGET_NAME)";
				SWIFT_EMIT_LOC_STRINGS = YES;
				SWIFT_VERSION = 5.0;
				TARGETED_DEVICE_FAMILY = "1,2";
			};
			name = Release;
		};
/* End XCBuildConfiguration section */

/* Begin XCConfigurationList section */
		75FCA3F8294ECA88002416C4 /* Build configuration list for PBXProject "SocialMedia" */ = {
			isa = XCConfigurationList;
			buildConfigurations = (
				75FCA409294ECA8A002416C4 /* Debug */,
				75FCA40A294ECA8A002416C4 /* Release */,
			);
			defaultConfigurationIsVisible = 0;
			defaultConfigurationName = Release;
		};
		75FCA40B294ECA8A002416C4 /* Build configuration list for PBXNativeTarget "SocialMedia" */ = {
			isa = XCConfigurationList;
			buildConfigurations = (
				75FCA40C294ECA8A002416C4 /* Debug */,
				75FCA40D294ECA8A002416C4 /* Release */,
			);
			defaultConfigurationIsVisible = 0;
			defaultConfigurationName = Release;
		};
/* End XCConfigurationList section */

/* Begin XCRemoteSwiftPackageReference section */
		75FCA410294ECBBF002416C4 /* XCRemoteSwiftPackageReference "firebase-ios-sdk" */ = {
			isa = XCRemoteSwiftPackageReference;
			repositoryURL = "https://github.com/firebase/firebase-ios-sdk";
			requirement = {
				kind = upToNextMajorVersion;
				minimumVersion = 9.0.0;
			};
		};
/* End XCRemoteSwiftPackageReference section */

/* Begin XCSwiftPackageProductDependency section */
		75C6E031294F206800484982 /* FirebaseStorage */ = {
			isa = XCSwiftPackageProductDependency;
			package = 75FCA410294ECBBF002416C4 /* XCRemoteSwiftPackageReference "firebase-ios-sdk" */;
			productName = FirebaseStorage;
		};
		75C6E035294F21B700484982 /* FirebaseFirestoreSwift */ = {
			isa = XCSwiftPackageProductDependency;
			package = 75FCA410294ECBBF002416C4 /* XCRemoteSwiftPackageReference "firebase-ios-sdk" */;
			productName = FirebaseFirestoreSwift;
		};
		75FCA411294ECBBF002416C4 /* FirebaseAuth */ = {
			isa = XCSwiftPackageProductDependency;
			package = 75FCA410294ECBBF002416C4 /* XCRemoteSwiftPackageReference "firebase-ios-sdk" */;
			productName = FirebaseAuth;
		};
/* End XCSwiftPackageProductDependency section */
	};
	rootObject = 75FCA3F5294ECA88002416C4 /* Project object */;
}
